// !$*UTF8*$!
{
	archiveVersion = 1;
	classes = {
	};
	objectVersion = 56;
	objects = {

/* Begin PBXBuildFile section */
		73E9F0C02C0CF66100A7C501 /* AppDelegate.swift in Sources */ = {isa = PBXBuildFile; fileRef = 73E9F0BF2C0CF66100A7C501 /* AppDelegate.swift */; };
		73E9F0C22C0CF66100A7C501 /* SceneDelegate.swift in Sources */ = {isa = PBXBuildFile; fileRef = 73E9F0C12C0CF66100A7C501 /* SceneDelegate.swift */; };
		73E9F0C72C0CF66100A7C501 /* Base in Resources */ = {isa = PBXBuildFile; fileRef = 73E9F0C62C0CF66100A7C501 /* Base */; };
		73E9F0C92C0CF66200A7C501 /* Assets.xcassets in Resources */ = {isa = PBXBuildFile; fileRef = 73E9F0C82C0CF66200A7C501 /* Assets.xcassets */; };
		73E9F0CC2C0CF66200A7C501 /* Base in Resources */ = {isa = PBXBuildFile; fileRef = 73E9F0CB2C0CF66200A7C501 /* Base */; };
		73E9F0D52C0D09C900A7C501 /* Model.xcdatamodeld in Sources */ = {isa = PBXBuildFile; fileRef = 73E9F0D32C0D09C900A7C501 /* Model.xcdatamodeld */; };
		73E9F0D72C0D0B3E00A7C501 /* CanvasView.swift in Sources */ = {isa = PBXBuildFile; fileRef = 73E9F0D62C0D0B3E00A7C501 /* CanvasView.swift */; };
		73E9F0D92C0D0B6700A7C501 /* PDFGenerator.swift in Sources */ = {isa = PBXBuildFile; fileRef = 73E9F0D82C0D0B6700A7C501 /* PDFGenerator.swift */; };
		73E9F0DB2C0D24F500A7C501 /* CanvasSelectorView.swift in Sources */ = {isa = PBXBuildFile; fileRef = 73E9F0DA2C0D24F500A7C501 /* CanvasSelectorView.swift */; };
		73E9F0DE2C0DD50800A7C501 /* CanvasViewController.swift in Sources */ = {isa = PBXBuildFile; fileRef = 73E9F0DD2C0DD50800A7C501 /* CanvasViewController.swift */; };
		73E9F0E02C0DD56F00A7C501 /* PersistenceController.swift in Sources */ = {isa = PBXBuildFile; fileRef = 73E9F0DF2C0DD56F00A7C501 /* PersistenceController.swift */; };
		73E9F0E22C0DD63300A7C501 /* CanvasPDFExport.swift in Sources */ = {isa = PBXBuildFile; fileRef = 73E9F0E12C0DD63300A7C501 /* CanvasPDFExport.swift */; };
		73E9F0E42C1632EE00A7C501 /* CanvasContainerView.swift in Sources */ = {isa = PBXBuildFile; fileRef = 73E9F0E32C1632EE00A7C501 /* CanvasContainerView.swift */; };
/* End PBXBuildFile section */

/* Begin PBXFileReference section */
		73E9F0BC2C0CF66100A7C501 /* CanvasPDFExport.app */ = {isa = PBXFileReference; explicitFileType = wrapper.application; includeInIndex = 0; path = CanvasPDFExport.app; sourceTree = BUILT_PRODUCTS_DIR; };
		73E9F0BF2C0CF66100A7C501 /* AppDelegate.swift */ = {isa = PBXFileReference; lastKnownFileType = sourcecode.swift; path = AppDelegate.swift; sourceTree = "<group>"; };
		73E9F0C12C0CF66100A7C501 /* SceneDelegate.swift */ = {isa = PBXFileReference; lastKnownFileType = sourcecode.swift; path = SceneDelegate.swift; sourceTree = "<group>"; };
		73E9F0C62C0CF66100A7C501 /* Base */ = {isa = PBXFileReference; lastKnownFileType = file.storyboard; name = Base; path = Base.lproj/Main.storyboard; sourceTree = "<group>"; };
		73E9F0C82C0CF66200A7C501 /* Assets.xcassets */ = {isa = PBXFileReference; lastKnownFileType = folder.assetcatalog; path = Assets.xcassets; sourceTree = "<group>"; };
		73E9F0CB2C0CF66200A7C501 /* Base */ = {isa = PBXFileReference; lastKnownFileType = file.storyboard; name = Base; path = Base.lproj/LaunchScreen.storyboard; sourceTree = "<group>"; };
		73E9F0CD2C0CF66200A7C501 /* Info.plist */ = {isa = PBXFileReference; lastKnownFileType = text.plist.xml; path = Info.plist; sourceTree = "<group>"; };
		73E9F0D42C0D09C900A7C501 /* Model.xcdatamodel */ = {isa = PBXFileReference; lastKnownFileType = wrapper.xcdatamodel; path = Model.xcdatamodel; sourceTree = "<group>"; };
		73E9F0D62C0D0B3E00A7C501 /* CanvasView.swift */ = {isa = PBXFileReference; lastKnownFileType = sourcecode.swift; path = CanvasView.swift; sourceTree = "<group>"; };
		73E9F0D82C0D0B6700A7C501 /* PDFGenerator.swift */ = {isa = PBXFileReference; lastKnownFileType = sourcecode.swift; path = PDFGenerator.swift; sourceTree = "<group>"; };
		73E9F0DA2C0D24F500A7C501 /* CanvasSelectorView.swift */ = {isa = PBXFileReference; lastKnownFileType = sourcecode.swift; path = CanvasSelectorView.swift; sourceTree = "<group>"; };
		73E9F0DD2C0DD50800A7C501 /* CanvasViewController.swift */ = {isa = PBXFileReference; lastKnownFileType = sourcecode.swift; path = CanvasViewController.swift; sourceTree = "<group>"; };
		73E9F0DF2C0DD56F00A7C501 /* PersistenceController.swift */ = {isa = PBXFileReference; lastKnownFileType = sourcecode.swift; path = PersistenceController.swift; sourceTree = "<group>"; };
		73E9F0E12C0DD63300A7C501 /* CanvasPDFExport.swift */ = {isa = PBXFileReference; lastKnownFileType = sourcecode.swift; path = CanvasPDFExport.swift; sourceTree = "<group>"; };
		73E9F0E32C1632EE00A7C501 /* CanvasContainerView.swift */ = {isa = PBXFileReference; lastKnownFileType = sourcecode.swift; path = CanvasContainerView.swift; sourceTree = "<group>"; };
/* End PBXFileReference section */

/* Begin PBXFrameworksBuildPhase section */
		73E9F0B92C0CF66100A7C501 /* Frameworks */ = {
			isa = PBXFrameworksBuildPhase;
			buildActionMask = 2147483647;
			files = (
			);
			runOnlyForDeploymentPostprocessing = 0;
		};
/* End PBXFrameworksBuildPhase section */

/* Begin PBXGroup section */
		73E9F0B32C0CF66100A7C501 = {
			isa = PBXGroup;
			children = (
				73E9F0E32C1632EE00A7C501 /* CanvasContainerView.swift */,
				73E9F0E12C0DD63300A7C501 /* CanvasPDFExport.swift */,
				73E9F0BF2C0CF66100A7C501 /* AppDelegate.swift */,
				73E9F0C12C0CF66100A7C501 /* SceneDelegate.swift */,
				73E9F0DA2C0D24F500A7C501 /* CanvasSelectorView.swift */,
				73E9F0DF2C0DD56F00A7C501 /* PersistenceController.swift */,
				73E9F0D82C0D0B6700A7C501 /* PDFGenerator.swift */,
				73E9F0D62C0D0B3E00A7C501 /* CanvasView.swift */,
				73E9F0DD2C0DD50800A7C501 /* CanvasViewController.swift */,
				73E9F0DC2C0DD48F00A7C501 /* Resources */,
				73E9F0BD2C0CF66100A7C501 /* Products */,
			);
			sourceTree = "<group>";
		};
		73E9F0BD2C0CF66100A7C501 /* Products */ = {
			isa = PBXGroup;
			children = (
				73E9F0BC2C0CF66100A7C501 /* CanvasPDFExport.app */,
			);
			name = Products;
			sourceTree = "<group>";
		};
		73E9F0DC2C0DD48F00A7C501 /* Resources */ = {
			isa = PBXGroup;
			children = (
				73E9F0D32C0D09C900A7C501 /* Model.xcdatamodeld */,
				73E9F0CD2C0CF66200A7C501 /* Info.plist */,
				73E9F0C82C0CF66200A7C501 /* Assets.xcassets */,
				73E9F0CA2C0CF66200A7C501 /* LaunchScreen.storyboard */,
				73E9F0C52C0CF66100A7C501 /* Main.storyboard */,
			);
			path = Resources;
			sourceTree = "<group>";
		};
/* End PBXGroup section */

/* Begin PBXNativeTarget section */
		73E9F0BB2C0CF66100A7C501 /* CanvasPDFExport */ = {
			isa = PBXNativeTarget;
			buildConfigurationList = 73E9F0D02C0CF66200A7C501 /* Build configuration list for PBXNativeTarget "CanvasPDFExport" */;
			buildPhases = (
				73E9F0B82C0CF66100A7C501 /* Sources */,
				73E9F0B92C0CF66100A7C501 /* Frameworks */,
				73E9F0BA2C0CF66100A7C501 /* Resources */,
			);
			buildRules = (
			);
			dependencies = (
			);
			name = CanvasPDFExport;
			productName = CanvasPDFExport;
			productReference = 73E9F0BC2C0CF66100A7C501 /* CanvasPDFExport.app */;
			productType = "com.apple.product-type.application";
		};
/* End PBXNativeTarget section */

/* Begin PBXProject section */
		73E9F0B42C0CF66100A7C501 /* Project object */ = {
			isa = PBXProject;
			attributes = {
				BuildIndependentTargetsInParallel = 1;
				LastSwiftUpdateCheck = 1540;
				LastUpgradeCheck = 1540;
				TargetAttributes = {
					73E9F0BB2C0CF66100A7C501 = {
						CreatedOnToolsVersion = 15.4;
					};
				};
			};
			buildConfigurationList = 73E9F0B72C0CF66100A7C501 /* Build configuration list for PBXProject "CanvasPDFExport" */;
			compatibilityVersion = "Xcode 14.0";
			developmentRegion = en;
			hasScannedForEncodings = 0;
			knownRegions = (
				en,
				Base,
			);
			mainGroup = 73E9F0B32C0CF66100A7C501;
			productRefGroup = 73E9F0BD2C0CF66100A7C501 /* Products */;
			projectDirPath = "";
			projectRoot = "";
			targets = (
				73E9F0BB2C0CF66100A7C501 /* CanvasPDFExport */,
			);
		};
/* End PBXProject section */

/* Begin PBXResourcesBuildPhase section */
		73E9F0BA2C0CF66100A7C501 /* Resources */ = {
			isa = PBXResourcesBuildPhase;
			buildActionMask = 2147483647;
			files = (
				73E9F0C92C0CF66200A7C501 /* Assets.xcassets in Resources */,
				73E9F0CC2C0CF66200A7C501 /* Base in Resources */,
				73E9F0C72C0CF66100A7C501 /* Base in Resources */,
			);
			runOnlyForDeploymentPostprocessing = 0;
		};
/* End PBXResourcesBuildPhase section */

/* Begin PBXSourcesBuildPhase section */
		73E9F0B82C0CF66100A7C501 /* Sources */ = {
			isa = PBXSourcesBuildPhase;
			buildActionMask = 2147483647;
			files = (
				73E9F0DB2C0D24F500A7C501 /* CanvasSelectorView.swift in Sources */,
				73E9F0C02C0CF66100A7C501 /* AppDelegate.swift in Sources */,
				73E9F0D92C0D0B6700A7C501 /* PDFGenerator.swift in Sources */,
				73E9F0D72C0D0B3E00A7C501 /* CanvasView.swift in Sources */,
				73E9F0C22C0CF66100A7C501 /* SceneDelegate.swift in Sources */,
				73E9F0DE2C0DD50800A7C501 /* CanvasViewController.swift in Sources */,
				73E9F0E42C1632EE00A7C501 /* CanvasContainerView.swift in Sources */,
				73E9F0D52C0D09C900A7C501 /* Model.xcdatamodeld in Sources */,
				73E9F0E22C0DD63300A7C501 /* CanvasPDFExport.swift in Sources */,
				73E9F0E02C0DD56F00A7C501 /* PersistenceController.swift in Sources */,
			);
			runOnlyForDeploymentPostprocessing = 0;
		};
/* End PBXSourcesBuildPhase section */

/* Begin PBXVariantGroup section */
		73E9F0C52C0CF66100A7C501 /* Main.storyboard */ = {
			isa = PBXVariantGroup;
			children = (
				73E9F0C62C0CF66100A7C501 /* Base */,
			);
			name = Main.storyboard;
			sourceTree = "<group>";
		};
		73E9F0CA2C0CF66200A7C501 /* LaunchScreen.storyboard */ = {
			isa = PBXVariantGroup;
			children = (
				73E9F0CB2C0CF66200A7C501 /* Base */,
			);
			name = LaunchScreen.storyboard;
			sourceTree = "<group>";
		};
/* End PBXVariantGroup section */

/* Begin XCBuildConfiguration section */
		73E9F0CE2C0CF66200A7C501 /* Debug */ = {
			isa = XCBuildConfiguration;
			buildSettings = {
				ALWAYS_SEARCH_USER_PATHS = NO;
				ASSETCATALOG_COMPILER_GENERATE_SWIFT_ASSET_SYMBOL_EXTENSIONS = YES;
				CLANG_ANALYZER_NONNULL = YES;
				CLANG_ANALYZER_NUMBER_OBJECT_CONVERSION = YES_AGGRESSIVE;
				CLANG_CXX_LANGUAGE_STANDARD = "gnu++20";
				CLANG_ENABLE_MODULES = YES;
				CLANG_ENABLE_OBJC_ARC = YES;
				CLANG_ENABLE_OBJC_WEAK = YES;
				CLANG_WARN_BLOCK_CAPTURE_AUTORELEASING = YES;
				CLANG_WARN_BOOL_CONVERSION = YES;
				CLANG_WARN_COMMA = YES;
				CLANG_WARN_CONSTANT_CONVERSION = YES;
				CLANG_WARN_DEPRECATED_OBJC_IMPLEMENTATIONS = YES;
				CLANG_WARN_DIRECT_OBJC_ISA_USAGE = YES_ERROR;
				CLANG_WARN_DOCUMENTATION_COMMENTS = YES;
				CLANG_WARN_EMPTY_BODY = YES;
				CLANG_WARN_ENUM_CONVERSION = YES;
				CLANG_WARN_INFINITE_RECURSION = YES;
				CLANG_WARN_INT_CONVERSION = YES;
				CLANG_WARN_NON_LITERAL_NULL_CONVERSION = YES;
				CLANG_WARN_OBJC_IMPLICIT_RETAIN_SELF = YES;
				CLANG_WARN_OBJC_LITERAL_CONVERSION = YES;
				CLANG_WARN_OBJC_ROOT_CLASS = YES_ERROR;
				CLANG_WARN_QUOTED_INCLUDE_IN_FRAMEWORK_HEADER = YES;
				CLANG_WARN_RANGE_LOOP_ANALYSIS = YES;
				CLANG_WARN_STRICT_PROTOTYPES = YES;
				CLANG_WARN_SUSPICIOUS_MOVE = YES;
				CLANG_WARN_UNGUARDED_AVAILABILITY = YES_AGGRESSIVE;
				CLANG_WARN_UNREACHABLE_CODE = YES;
				CLANG_WARN__DUPLICATE_METHOD_MATCH = YES;
				COPY_PHASE_STRIP = NO;
				DEBUG_INFORMATION_FORMAT = dwarf;
				ENABLE_STRICT_OBJC_MSGSEND = YES;
				ENABLE_TESTABILITY = YES;
				ENABLE_USER_SCRIPT_SANDBOXING = YES;
				GCC_C_LANGUAGE_STANDARD = gnu17;
				GCC_DYNAMIC_NO_PIC = NO;
				GCC_NO_COMMON_BLOCKS = YES;
				GCC_OPTIMIZATION_LEVEL = 0;
				GCC_PREPROCESSOR_DEFINITIONS = (
					"DEBUG=1",
					"$(inherited)",
				);
				GCC_WARN_64_TO_32_BIT_CONVERSION = YES;
				GCC_WARN_ABOUT_RETURN_TYPE = YES_ERROR;
				GCC_WARN_UNDECLARED_SELECTOR = YES;
				GCC_WARN_UNINITIALIZED_AUTOS = YES_AGGRESSIVE;
				GCC_WARN_UNUSED_FUNCTION = YES;
				GCC_WARN_UNUSED_VARIABLE = YES;
				IPHONEOS_DEPLOYMENT_TARGET = 17.5;
				LOCALIZATION_PREFERS_STRING_CATALOGS = YES;
				MTL_ENABLE_DEBUG_INFO = INCLUDE_SOURCE;
				MTL_FAST_MATH = YES;
				ONLY_ACTIVE_ARCH = YES;
				SDKROOT = iphoneos;
				SWIFT_ACTIVE_COMPILATION_CONDITIONS = "DEBUG $(inherited)";
				SWIFT_OPTIMIZATION_LEVEL = "-Onone";
			};
			name = Debug;
		};
		73E9F0CF2C0CF66200A7C501 /* Release */ = {
			isa = XCBuildConfiguration;
			buildSettings = {
				ALWAYS_SEARCH_USER_PATHS = NO;
				ASSETCATALOG_COMPILER_GENERATE_SWIFT_ASSET_SYMBOL_EXTENSIONS = YES;
				CLANG_ANALYZER_NONNULL = YES;
				CLANG_ANALYZER_NUMBER_OBJECT_CONVERSION = YES_AGGRESSIVE;
				CLANG_CXX_LANGUAGE_STANDARD = "gnu++20";
				CLANG_ENABLE_MODULES = YES;
				CLANG_ENABLE_OBJC_ARC = YES;
				CLANG_ENABLE_OBJC_WEAK = YES;
				CLANG_WARN_BLOCK_CAPTURE_AUTORELEASING = YES;
				CLANG_WARN_BOOL_CONVERSION = YES;
				CLANG_WARN_COMMA = YES;
				CLANG_WARN_CONSTANT_CONVERSION = YES;
				CLANG_WARN_DEPRECATED_OBJC_IMPLEMENTATIONS = YES;
				CLANG_WARN_DIRECT_OBJC_ISA_USAGE = YES_ERROR;
				CLANG_WARN_DOCUMENTATION_COMMENTS = YES;
				CLANG_WARN_EMPTY_BODY = YES;
				CLANG_WARN_ENUM_CONVERSION = YES;
				CLANG_WARN_INFINITE_RECURSION = YES;
				CLANG_WARN_INT_CONVERSION = YES;
				CLANG_WARN_NON_LITERAL_NULL_CONVERSION = YES;
				CLANG_WARN_OBJC_IMPLICIT_RETAIN_SELF = YES;
				CLANG_WARN_OBJC_LITERAL_CONVERSION = YES;
				CLANG_WARN_OBJC_ROOT_CLASS = YES_ERROR;
				CLANG_WARN_QUOTED_INCLUDE_IN_FRAMEWORK_HEADER = YES;
				CLANG_WARN_RANGE_LOOP_ANALYSIS = YES;
				CLANG_WARN_STRICT_PROTOTYPES = YES;
				CLANG_WARN_SUSPICIOUS_MOVE = YES;
				CLANG_WARN_UNGUARDED_AVAILABILITY = YES_AGGRESSIVE;
				CLANG_WARN_UNREACHABLE_CODE = YES;
				CLANG_WARN__DUPLICATE_METHOD_MATCH = YES;
				COPY_PHASE_STRIP = NO;
				DEBUG_INFORMATION_FORMAT = "dwarf-with-dsym";
				ENABLE_NS_ASSERTIONS = NO;
				ENABLE_STRICT_OBJC_MSGSEND = YES;
				ENABLE_USER_SCRIPT_SANDBOXING = YES;
				GCC_C_LANGUAGE_STANDARD = gnu17;
				GCC_NO_COMMON_BLOCKS = YES;
				GCC_WARN_64_TO_32_BIT_CONVERSION = YES;
				GCC_WARN_ABOUT_RETURN_TYPE = YES_ERROR;
				GCC_WARN_UNDECLARED_SELECTOR = YES;
				GCC_WARN_UNINITIALIZED_AUTOS = YES_AGGRESSIVE;
				GCC_WARN_UNUSED_FUNCTION = YES;
				GCC_WARN_UNUSED_VARIABLE = YES;
				IPHONEOS_DEPLOYMENT_TARGET = 17.5;
				LOCALIZATION_PREFERS_STRING_CATALOGS = YES;
				MTL_ENABLE_DEBUG_INFO = NO;
				MTL_FAST_MATH = YES;
				SDKROOT = iphoneos;
				SWIFT_COMPILATION_MODE = wholemodule;
				VALIDATE_PRODUCT = YES;
			};
			name = Release;
		};
		73E9F0D12C0CF66200A7C501 /* Debug */ = {
			isa = XCBuildConfiguration;
			buildSettings = {
				ASSETCATALOG_COMPILER_APPICON_NAME = AppIcon;
				ASSETCATALOG_COMPILER_GLOBAL_ACCENT_COLOR_NAME = AccentColor;
				CODE_SIGN_STYLE = Automatic;
				CURRENT_PROJECT_VERSION = 1;
				DEVELOPMENT_TEAM = 95W96HR467;
				GENERATE_INFOPLIST_FILE = YES;
				INFOPLIST_FILE = Resources/Info.plist;
				INFOPLIST_KEY_UIApplicationSupportsIndirectInputEvents = YES;
				INFOPLIST_KEY_UILaunchStoryboardName = LaunchScreen;
				INFOPLIST_KEY_UIMainStoryboardFile = Main;
				INFOPLIST_KEY_UISupportedInterfaceOrientations_iPad = "UIInterfaceOrientationPortrait UIInterfaceOrientationPortraitUpsideDown UIInterfaceOrientationLandscapeLeft UIInterfaceOrientationLandscapeRight";
				INFOPLIST_KEY_UISupportedInterfaceOrientations_iPhone = "UIInterfaceOrientationPortrait UIInterfaceOrientationLandscapeLeft UIInterfaceOrientationLandscapeRight";
				LD_RUNPATH_SEARCH_PATHS = (
					"$(inherited)",
					"@executable_path/Frameworks",
				);
				MARKETING_VERSION = 1.0;
				PRODUCT_BUNDLE_IDENTIFIER = shahabTutorial.CanvasPDFExport;
				PRODUCT_NAME = "$(TARGET_NAME)";
				SWIFT_EMIT_LOC_STRINGS = YES;
				SWIFT_VERSION = 5.0;
				TARGETED_DEVICE_FAMILY = "1,2";
			};
			name = Debug;
		};
		73E9F0D22C0CF66200A7C501 /* Release */ = {
			isa = XCBuildConfiguration;
			buildSettings = {
				ASSETCATALOG_COMPILER_APPICON_NAME = AppIcon;
				ASSETCATALOG_COMPILER_GLOBAL_ACCENT_COLOR_NAME = AccentColor;
				CODE_SIGN_STYLE = Automatic;
				CURRENT_PROJECT_VERSION = 1;
				DEVELOPMENT_TEAM = 95W96HR467;
				GENERATE_INFOPLIST_FILE = YES;
				INFOPLIST_FILE = Resources/Info.plist;
				INFOPLIST_KEY_UIApplicationSupportsIndirectInputEvents = YES;
				INFOPLIST_KEY_UILaunchStoryboardName = LaunchScreen;
				INFOPLIST_KEY_UIMainStoryboardFile = Main;
				INFOPLIST_KEY_UISupportedInterfaceOrientations_iPad = "UIInterfaceOrientationPortrait UIInterfaceOrientationPortraitUpsideDown UIInterfaceOrientationLandscapeLeft UIInterfaceOrientationLandscapeRight";
				INFOPLIST_KEY_UISupportedInterfaceOrientations_iPhone = "UIInterfaceOrientationPortrait UIInterfaceOrientationLandscapeLeft UIInterfaceOrientationLandscapeRight";
				LD_RUNPATH_SEARCH_PATHS = (
					"$(inherited)",
					"@executable_path/Frameworks",
				);
				MARKETING_VERSION = 1.0;
				PRODUCT_BUNDLE_IDENTIFIER = shahabTutorial.CanvasPDFExport;
				PRODUCT_NAME = "$(TARGET_NAME)";
				SWIFT_EMIT_LOC_STRINGS = YES;
				SWIFT_VERSION = 5.0;
				TARGETED_DEVICE_FAMILY = "1,2";
			};
			name = Release;
		};
/* End XCBuildConfiguration section */

/* Begin XCConfigurationList section */
		73E9F0B72C0CF66100A7C501 /* Build configuration list for PBXProject "CanvasPDFExport" */ = {
			isa = XCConfigurationList;
			buildConfigurations = (
				73E9F0CE2C0CF66200A7C501 /* Debug */,
				73E9F0CF2C0CF66200A7C501 /* Release */,
			);
			defaultConfigurationIsVisible = 0;
			defaultConfigurationName = Release;
		};
		73E9F0D02C0CF66200A7C501 /* Build configuration list for PBXNativeTarget "CanvasPDFExport" */ = {
			isa = XCConfigurationList;
			buildConfigurations = (
				73E9F0D12C0CF66200A7C501 /* Debug */,
				73E9F0D22C0CF66200A7C501 /* Release */,
			);
			defaultConfigurationIsVisible = 0;
			defaultConfigurationName = Release;
		};
/* End XCConfigurationList section */

/* Begin XCVersionGroup section */
		73E9F0D32C0D09C900A7C501 /* Model.xcdatamodeld */ = {
			isa = XCVersionGroup;
			children = (
				73E9F0D42C0D09C900A7C501 /* Model.xcdatamodel */,
			);
			currentVersion = 73E9F0D42C0D09C900A7C501 /* Model.xcdatamodel */;
			path = Model.xcdatamodeld;
			sourceTree = "<group>";
			versionGroupType = wrapper.xcdatamodel;
		};
/* End XCVersionGroup section */
	};
	rootObject = 73E9F0B42C0CF66100A7C501 /* Project object */;
}
